{
    "_meta": {
        "hash": {
            "sha256": "1b5562ce4abeff3d824f56caabf49afa602d732460bc0fc523119764b01da075"
        },
        "pipfile-spec": 6,
        "requires": {
            "python_version": "3.7"
        },
        "sources": [
            {
                "name": "pypi",
                "url": "https://pypi.org/simple",
                "verify_ssl": true
            }
        ]
    },
    "default": {
        "appdirs": {
            "hashes": [
                "sha256:7d5d0167b2b1ba821647616af46a749d1c653740dd0d2415100fe26e27afdf41",
                "sha256:a841dacd6b99318a741b166adb07e19ee71a274450e68237b4650ca1055ab128"
            ],
            "index": "pypi",
            "version": "==1.4.4"
        },
        "brotli": {
            "hashes": [
                "sha256:12effe280b8ebfd389022aa65114e30407540ccb89b177d3fbc9a4f177c4bd5d",
                "sha256:160c78292e98d21e73a4cc7f76a234390e516afcd982fa17e1422f7c6a9ce9c8",
                "sha256:16d528a45c2e1909c2798f27f7bf0a3feec1dc9e50948e738b961618e38b6a7b",
                "sha256:19598ecddd8a212aedb1ffa15763dd52a388518c4550e615aed88dc3753c0f0c",
                "sha256:1c48472a6ba3b113452355b9af0a60da5c2ae60477f8feda8346f8fd48e3e87c",
                "sha256:268fe94547ba25b58ebc724680609c8ee3e5a843202e9a381f6f9c5e8bdb5c70",
                "sha256:269a5743a393c65db46a7bb982644c67ecba4b8d91b392403ad8a861ba6f495f",
                "sha256:26d168aac4aaec9a4394221240e8a5436b5634adc3cd1cdf637f6645cecbf181",
                "sha256:29d1d350178e5225397e28ea1b7aca3648fcbab546d20e7475805437bfb0a130",
                "sha256:2aad0e0baa04517741c9bb5b07586c642302e5fb3e75319cb62087bd0995ab19",
                "sha256:3496fc835370da351d37cada4cf744039616a6db7d13c430035e901443a34daa",
                "sha256:35a3edbe18e876e596553c4007a087f8bcfd538f19bc116917b3c7522fca0429",
                "sha256:3b78a24b5fd13c03ee2b7b86290ed20efdc95da75a3557cc06811764d5ad1126",
                "sha256:40d15c79f42e0a2c72892bf407979febd9cf91f36f495ffb333d1d04cebb34e4",
                "sha256:44bb8ff420c1d19d91d79d8c3574b8954288bdff0273bf788954064d260d7ab0",
                "sha256:4688c1e42968ba52e57d8670ad2306fe92e0169c6f3af0089be75bbac0c64a3b",
                "sha256:495ba7e49c2db22b046a53b469bbecea802efce200dffb69b93dd47397edc9b6",
                "sha256:4d1b810aa0ed773f81dceda2cc7b403d01057458730e309856356d4ef4188438",
                "sha256:503fa6af7da9f4b5780bb7e4cbe0c639b010f12be85d02c99452825dd0feef3f",
                "sha256:56d027eace784738457437df7331965473f2c0da2c70e1a1f6fdbae5402e0389",
                "sha256:5913a1177fc36e30fcf6dc868ce23b0453952c78c04c266d3149b3d39e1410d6",
                "sha256:5b6ef7d9f9c38292df3690fe3e302b5b530999fa90014853dcd0d6902fb59f26",
                "sha256:5cb1e18167792d7d21e21365d7650b72d5081ed476123ff7b8cac7f45189c0c7",
                "sha256:61a7ee1f13ab913897dac7da44a73c6d44d48a4adff42a5701e3239791c96e14",
                "sha256:622a231b08899c864eb87e85f81c75e7b9ce05b001e59bbfbf43d4a71f5f32b2",
                "sha256:68715970f16b6e92c574c30747c95cf8cf62804569647386ff032195dc89a430",
                "sha256:6b2ae9f5f67f89aade1fab0f7fd8f2832501311c363a21579d02defa844d9296",
                "sha256:6c772d6c0a79ac0f414a9f8947cc407e119b8598de7621f39cacadae3cf57d12",
                "sha256:6d847b14f7ea89f6ad3c9e3901d1bc4835f6b390a9c71df999b0162d9bb1e20f",
                "sha256:76ffebb907bec09ff511bb3acc077695e2c32bc2142819491579a695f77ffd4d",
                "sha256:7bbff90b63328013e1e8cb50650ae0b9bac54ffb4be6104378490193cd60f85a",
                "sha256:7cb81373984cc0e4682f31bc3d6be9026006d96eecd07ea49aafb06897746452",
                "sha256:7ee83d3e3a024a9618e5be64648d6d11c37047ac48adff25f12fa4226cf23d1c",
                "sha256:854c33dad5ba0fbd6ab69185fec8dab89e13cda6b7d191ba111987df74f38761",
                "sha256:85f7912459c67eaab2fb854ed2bc1cc25772b300545fe7ed2dc03954da638649",
                "sha256:87fdccbb6bb589095f413b1e05734ba492c962b4a45a13ff3408fa44ffe6479b",
                "sha256:88c63a1b55f352b02c6ffd24b15ead9fc0e8bf781dbe070213039324922a2eea",
                "sha256:8a674ac10e0a87b683f4fa2b6fa41090edfd686a6524bd8dedbd6138b309175c",
                "sha256:93130612b837103e15ac3f9cbacb4613f9e348b58b3aad53721d92e57f96d46a",
                "sha256:9744a863b489c79a73aba014df554b0e7a0fc44ef3f8a0ef2a52919c7d155031",
                "sha256:9749a124280a0ada4187a6cfd1ffd35c350fb3af79c706589d98e088c5044267",
                "sha256:97f715cf371b16ac88b8c19da00029804e20e25f30d80203417255d239f228b5",
                "sha256:9bf919756d25e4114ace16a8ce91eb340eb57a08e2c6950c3cebcbe3dff2a5e7",
                "sha256:9d12cf2851759b8de8ca5fde36a59c08210a97ffca0eb94c532ce7b17c6a3d1d",
                "sha256:9ed4c92a0665002ff8ea852353aeb60d9141eb04109e88928026d3c8a9e5433c",
                "sha256:a72661af47119a80d82fa583b554095308d6a4c356b2a554fdc2799bc19f2a43",
                "sha256:afde17ae04d90fbe53afb628f7f2d4ca022797aa093e809de5c3cf276f61bbfa",
                "sha256:b336c5e9cf03c7be40c47b5fd694c43c9f1358a80ba384a21969e0b4e66a9b17",
                "sha256:b663f1e02de5d0573610756398e44c130add0eb9a3fc912a09665332942a2efb",
                "sha256:b83bb06a0192cccf1eb8d0a28672a1b79c74c3a8a5f2619625aeb6f28b3a82bb",
                "sha256:c2415d9d082152460f2bd4e382a1e85aed233abc92db5a3880da2257dc7daf7b",
                "sha256:c83aa123d56f2e060644427a882a36b3c12db93727ad7a7b9efd7d7f3e9cc2c4",
                "sha256:cfc391f4429ee0a9370aa93d812a52e1fee0f37a81861f4fdd1f4fb28e8547c3",
                "sha256:db844eb158a87ccab83e868a762ea8024ae27337fc7ddcbfcddd157f841fdfe7",
                "sha256:defed7ea5f218a9f2336301e6fd379f55c655bea65ba2476346340a0ce6f74a1",
                "sha256:e16eb9541f3dd1a3e92b89005e37b1257b157b7256df0e36bd7b33b50be73bcb",
                "sha256:e23281b9a08ec338469268f98f194658abfb13658ee98e2b7f85ee9dd06caa91",
                "sha256:e2d9e1cbc1b25e22000328702b014227737756f4b5bf5c485ac1d8091ada078b",
                "sha256:e48f4234f2469ed012a98f4b7874e7f7e173c167bed4934912a29e03167cf6b1",
                "sha256:e4c4e92c14a57c9bd4cb4be678c25369bf7a092d55fd0866f759e425b9660806",
                "sha256:ec1947eabbaf8e0531e8e899fc1d9876c179fc518989461f5d24e2223395a9e3",
                "sha256:f909bbbc433048b499cb9db9e713b5d8d949e8c109a2a548502fb9aa8630f0b1"
            ],
            "markers": "platform_python_implementation == 'CPython'",
            "version": "==1.0.9"
        },
        "colorama": {
            "hashes": [
                "sha256:5941b2b48a20143d2267e95b1c2a7603ce057ee39fd88e7329b0c292aa16869b",
                "sha256:9f47eda37229f68eee03b24b9748937c7dc3868f906e8ba69fbcbdd3bc5dc3e2"
            ],
            "index": "pypi",
            "version": "==0.4.4"
        },
        "libarchive-c": {
            "hashes": [
                "sha256:a5b41ade94ba58b198d778e68000f6b7de41da768de7140c984f71d7fa8416e5",
                "sha256:b7306dceaeeac199dd53a471ea9d39ed4be8e81962df99d628db7a12efbb9b52"
            ],
            "index": "pypi",
            "version": "==4.0"
        },
        "multivolumefile": {
            "hashes": [
                "sha256:237f4353b60af1703087cf7725755a1f6fcaeeea48421e1896940cd1c920d678",
                "sha256:a0648d0aafbc96e59198d5c17e9acad7eb531abea51035d08ce8060dcad709d6"
            ],
            "markers": "python_version >= '3.6'",
            "version": "==0.2.3"
        },
        "py7zr": {
            "hashes": [
                "sha256:778938a0cccbf16d74d11285921232f0a2fcbf6d3cdcc7ab0358e03a4e973c19",
                "sha256:d5bdc81536316f209a3ca4e1ce6e2ef11d8a519d613be47bcdd084bf655f400f"
            ],
            "index": "pypi",
            "version": "==0.18.3"
        },
        "pybcj": {
            "hashes": [
                "sha256:06b4c656000d75481d4c481f958a33590455f03faed6a73c602eb20037be7df4",
                "sha256:08b851007d724b356d2ba5a40233003fdce1ca455d202b93f967dac63a8773cf",
                "sha256:09b098a5fc5e38d5ac4813d4150ff82720a608a200d8faf6aca5fd31d635e3cb",
                "sha256:19e60bac8daf0d6657a51f8f3292babc9d7a5f54db6b899f89c181ac254e8bb8",
                "sha256:1eb4023c9fcecaac275b75975daa883b2ae0a155cb4a6d0e6ae3d7a42f523bc0",
                "sha256:1f8943d11782ab2d196dbc0a9a5471defee65c1876d400d30b356161e618c37e",
                "sha256:2cbd923aa605aac735cb09e3732184cd49dad82ef9f9a902150907735130c923",
                "sha256:35f01c8468cf4a097e3bf88e37d7552afbe4294456a2bb7eee817b5b4b2fd433",
                "sha256:376d039200639a52cba47fb04ffda39aad39715d9e988405fee0e5d60080d111",
                "sha256:383a9aed11860e1faee6915b8b1caba1dd0d160b67e02811e5d121f3390f01f7",
                "sha256:38fce11b4a8742542c65883dba405637baa680348934cf186e87765a5100bf7e",
                "sha256:3a7c75c489bbf9050d88b3ba53470770f8bc8451410b2cb335ef3f5bd22fff5a",
                "sha256:5339ae16f7e69f344967ef072b3ccf629fd5d18ca0318f74b977ed3618b18767",
                "sha256:665028b9c091c3af5517baea86d530c8fa118e5b76d90f2072e99ffb2861b038",
                "sha256:6cf249a2f73f84255e4c7a692ff0293cb83b58adafa40266f6523e5fdfe7734b",
                "sha256:6d1a5fce6d1afe6150e6a21504c05d1e0fec413d51ad10bf30369c8381c4b79c",
                "sha256:6d5ad7077e50cff366b329320926be17e5c6a9e40eec42ba96ca494124852169",
                "sha256:6f36b878901e9e8ff48c15f9b44b61ab69d1d5f9a6ab28170227f272e72dee31",
                "sha256:6f89e713ef5805ca1a9c1bc49edd0150cc3d1c830346290b918e7f90f919ba3c",
                "sha256:7bca4c64381dbe54139f993c20acbc6790f82a7b083240e77bd2d2dc4650b052",
                "sha256:882b6135277afae4408dfd8a7e4810dc4c8dba31848585ca55b06a47e94b34e5",
                "sha256:947be0eaa81028e505e12051aacca67b288d5645158ebdbe526f67e052857a8f",
                "sha256:94a26aec18eb7215a5e992b71969cf4f072a4fec9faafec974e78c196329ac2a",
                "sha256:97e475c2809515833fd85e99134f631a141700b17b927db39f318212891db2da",
                "sha256:97f2b4c243ea89a33bfb7db8fde5eab66485926400065b306b7dcffe5f76bb1e",
                "sha256:a1bc9a6685b88750857ff748a0819b8c04728cc792e1a9d3de9652a87ef026b7",
                "sha256:a4e187714d9912c151f7e2ad3133424621177fd1c85c31d13e023f7fd0dacdf7",
                "sha256:a8ff29eab07fe1e58ce7886ff05589c1d80b93fbb68a449200055cffceafc197",
                "sha256:aa367fb031075364575f5b77f8f3d00a8df4a4faa36597d07c443beece73f585",
                "sha256:ac4063cf9f7c236f2028567d6203c0985b2a5f940c873c8582549c78dcfe99ad",
                "sha256:b2793af477c8964c674553ec829de388ed148db3f59165c0651075193103b73c",
                "sha256:b2f5f55432bdc807145513a836db38aeba19a632ef6b3b5e18349f528611acd4",
                "sha256:b5084e9a3c063fecbd287ddba39e423c39eba3ed3d67d89502ff855c262c60a7",
                "sha256:b71d70e5dcceb2b998afd4764ca59e3bb1102e7cb311f0f8bc26e771e3136a29",
                "sha256:cae1a5170eb3829d8a5fcf8875925f02f6ca396a5b6d62f32376504f870c5f50",
                "sha256:cef56697772815e99f97018ed9cf13a43c5fce228ba877dd9791f40f4f241804",
                "sha256:d4efef959a291c6cd02738c1f47f396f8e02c3deff5bc073fd2fa18630ff2d9a",
                "sha256:d5ddf01cf8b176889d546027fe2ed5680d04303b0574cddfaee0eefce263e4ef",
                "sha256:db6394e58405eb59388211ef160db259b11033d12c3fb30f59dd1be6f8a50a4e",
                "sha256:dbd679110b155d7366f2df918eb4752a86e7946c78d37a37a73d1b021acc6123",
                "sha256:e19c0aeb38baa9ba32037d2612e98b894c23a3b719281eeb23a1a48241fae073",
                "sha256:e6e76f7ce144b787f4dad84bb168fbca0d4ff6a079cc9bdb76e7418e58d011e7",
                "sha256:e87db05aaf7d0eaf9dea3347b2d042959b525c223d6043550781081ff5789df9",
                "sha256:e91b87ab73ce2b78fb159cc60a0eccfced18976e06b1d50e084b98708a2a39c1",
                "sha256:ef5e7350ecd2427f5eff391ffb6499cca0070e3850e4e46ebf18cc970cbb4696",
                "sha256:eff8f9a2a6d6dff38a5cc2634daf5370997b6e1da4ae601d95132b964bbea3ca",
                "sha256:f6eb63ce9d5ba10173718c9d8c9ccb29f2307c1c424e0cfe6bed49cb67579231",
                "sha256:f811365e7c48b6215b2698293db00d63398554eb3d0b9f78e0c790a6d1371ad7",
                "sha256:fb57faff89fa08d0d4d8bd68b7eb1aea57b5ed3a074202e2d3909f388348202f"
            ],
            "markers": "platform_python_implementation == 'CPython'",
            "version": "==0.5.1"
        },
        "pycryptodomex": {
            "hashes": [
                "sha256:1ca8e1b4c62038bb2da55451385246f51f412c5f5eabd64812c01766a5989b4a",
                "sha256:298c00ea41a81a491d5b244d295d18369e5aac4b61b77b2de5b249ca61cd6659",
                "sha256:2aa887683eee493e015545bd69d3d21ac8d5ad582674ec98f4af84511e353e45",
                "sha256:2ce76ed0081fd6ac8c74edc75b9d14eca2064173af79843c24fa62573263c1f2",
                "sha256:3da13c2535b7aea94cc2a6d1b1b37746814c74b6e80790daddd55ca5c120a489",
                "sha256:406ec8cfe0c098fadb18d597dc2ee6de4428d640c0ccafa453f3d9b2e58d29e2",
                "sha256:4d0db8df9ffae36f416897ad184608d9d7a8c2b46c4612c6bc759b26c073f750",
                "sha256:530756d2faa40af4c1f74123e1d889bd07feae45bac2fd32f259a35f7aa74151",
                "sha256:77931df40bb5ce5e13f4de2bfc982b2ddc0198971fbd947776c8bb5050896eb2",
                "sha256:797a36bd1f69df9e2798e33edb4bd04e5a30478efc08f9428c087f17f65a7045",
                "sha256:8085bd0ad2034352eee4d4f3e2da985c2749cb7344b939f4d95ead38c2520859",
                "sha256:8536bc08d130cae6dcba1ea689f2913dfd332d06113904d171f2f56da6228e89",
                "sha256:a4d412eba5679ede84b41dbe48b1bed8f33131ab9db06c238a235334733acc5e",
                "sha256:aebecde2adc4a6847094d3bd6a8a9538ef3438a5ea84ac1983fcb167db614461",
                "sha256:b276cc4deb4a80f9dfd47a41ebb464b1fe91efd8b1b8620cf5ccf8b824b850d6",
                "sha256:b5a185ae79f899b01ca49f365bdf15a45d78d9856f09b0de1a41b92afce1a07f",
                "sha256:c4d8977ccda886d88dc3ca789de2f1adc714df912ff3934b3d0a3f3d777deafb",
                "sha256:c5dd3ffa663c982d7f1be9eb494a8924f6d40e2e2f7d1d27384cfab1b2ac0662",
                "sha256:ca88f2f7020002638276439a01ffbb0355634907d1aa5ca91f3dc0c2e44e8f3b",
                "sha256:d2cce1c82a7845d7e2e8a0956c6b7ed3f1661c9acf18eb120fc71e098ab5c6fe",
                "sha256:d709572d64825d8d59ea112e11cc7faf6007f294e9951324b7574af4251e4de8",
                "sha256:da8db8374295fb532b4b0c467e66800ef17d100e4d5faa2bbbd6df35502da125",
                "sha256:e36c7e3b5382cd5669cf199c4a04a0279a43b2a3bdd77627e9b89778ac9ec08c",
                "sha256:e95a4a6c54d27a84a4624d2af8bb9ee178111604653194ca6880c98dcad92f48",
                "sha256:ee835def05622e0c8b1435a906491760a43d0c462f065ec9143ec4b8d79f8bff",
                "sha256:f75009715dcf4a3d680c2338ab19dac5498f8121173a929872950f4fb3a48fbf",
                "sha256:f8524b8bc89470cec7ac51734907818d3620fb1637f8f8b542d650ebec42a126"
            ],
            "markers": "python_version >= '2.7' and python_version not in '3.0, 3.1, 3.2, 3.3, 3.4'",
            "version": "==3.14.1"
        },
        "pyppmd": {
            "hashes": [
                "sha256:097c0a3b3d2b1ed04807ac0bbf3fe417b6802e6c54d1f69a61c9b60103a3d389",
                "sha256:0bd2db6c28c7ff01361c12b88690db73638ba5ae04eea5f218be0d7937e31ec2",
                "sha256:0d113cdbe647f7643ed1177cce37badc038ac4988827007948220fe76776c062",
                "sha256:0ff555e40fb4b1e249ed4aa9ef21a45ebac4f0591d49520cb38fe9fd2f250517",
                "sha256:1aa25341ae5681ac1cf20c56b6a22e696180b0e4d4cbb532f7903e9fb5d90d7f",
                "sha256:26acf6c26c1e4fee4f5879290c46e3af8c36e5297a69d392c679b961f971e393",
                "sha256:26e3b9e4567ad314c0507bbd965a73d09a792d07e884b7a75cec328883abe1ef",
                "sha256:295b6a49fa6e740c290cb63d64553997205e0f7bc219c286f8ae58db7ed8bda6",
                "sha256:35553a90d82bd840cfcce2238a5a1903e4cefe4c15c03862bd2647cf858b5938",
                "sha256:3a7e4dab08f7ab9c3785892ef323ee231a8f421d1df2ff5f5a43bb76618ef33b",
                "sha256:481f1e4da030410629287775253e6f5ed047e4df4ec733964c66fe51c4f299c1",
                "sha256:48f5fe7432751ac0705090d6ccc831e8563e7710ad835095a50f4b3365b93d05",
                "sha256:4e2484e56c2caa5c6947ae623c48a14ac7b2d3da43899eab5b52b98a0ea0f359",
                "sha256:4e3dc63da3c2f583192bb028cc123b535bb92037ef699c1cb2d6bc0b8690132e",
                "sha256:53b0a34658d947d3c13a66cb633689f1264234c7382181345e87ccdb4d34ce8a",
                "sha256:557c7d2701769689f7825c07848b92625de53cd6656a0a9ce976a18dd281d17e",
                "sha256:55da82b69b3d0838c3356fe33421870d730dc47a28e95f942fcfc0fadc1260a4",
                "sha256:58fa5696e7115d265d2d573c1a702eb51fc904362e8152d5980f00527d751eca",
                "sha256:5fc1a27252a98471daa431d46b247ecfa4f18a5a55197ce17a9f66a7b67aa554",
                "sha256:69ef35f87c56cbbd6ec3f76fa41de59bb29c24c2f8e0e9f895e4dbb4f3946da0",
                "sha256:6d87e5404a6b8ab2e0cc17a4a552e6ca56f9a9bb789b4da3335077da54f03c5b",
                "sha256:6e24393a153ac8b56a25de1cef4cd5545691af22713bb0d5f457070ebe5f8b07",
                "sha256:732b28ea25afa41a282c986178b29e60ea5ec2e2b67f66997af943f73d4673e0",
                "sha256:75b3d05fb0bda8ce027ed7556f3ab0301ce4ecd408859f7740eca7945e8150d0",
                "sha256:7899a2bd496d90d095573b60e26223e134cb6157d892abb2752f2fb58de03d67",
                "sha256:7943f901c8e27e9dbe4b987d07679ec664ae5b0297526af9f5cf473baaa1360a",
                "sha256:80cf10126307b98c7927584b0f512a755b00522bca5f653463f612ffd4cb7039",
                "sha256:87c029f40d55c95e8c249496f5c9417732fd177b4364ed784acb17a34fdc1805",
                "sha256:87c571dafa5327be74dc7a1c7e06b2c7678b0d43dc1890544308b5d83fd9ee9a",
                "sha256:88e76fc23808716dc937b85d00e00e38eb5905257b1dc91096a4e2ab1bb5972b",
                "sha256:8a49dacd25aa3ac7abb288967216dc2b840f98c576de9f7d359d3131a39fa8a0",
                "sha256:8c4c908c4b0cf9e9c7fda614731e1d1d273b94faef86f035934678a3673b8fad",
                "sha256:8c5110863631a74a253c88306e7f8f09fd6667cc48d4387fdb386b7f95ce1a87",
                "sha256:8deea944e1638ccc55de468d160395bb6fc84d1848dc6188891d71ed546f3d6d",
                "sha256:8e8a351395cdd8af5512e803c2cfeca37a1b1a525cb9f8f580309c75a4a96830",
                "sha256:8f1ceff19a4474f16bc7210cd926f92867a7dfa7870ef5305bbaf0cd792c7f34",
                "sha256:999fc63e71da9b3fb03996f1e117a672d42c0794d5435f57c9ad978372173f84",
                "sha256:9b3283435e00e203bad778cb516824b95db630ed2dfcff87c087c7827d04bfae",
                "sha256:9dc0b4e3a5576f1e107fdf14cac01b10a2e5416f855d5d06f4f290c539b30906",
                "sha256:9f7b49ac7b3702511a5c25ab90d32c5dc3d537d4ccafd42819529477827acc88",
                "sha256:a2a8a0f1a8dbe407ea6d7869dc35eacd47eceda261ef6f43da44650452736aec",
                "sha256:aff0b67647cc8c6604f548246cc31d624c105517e9a0cd78c1b9872a53fa6ae7",
                "sha256:aff6a6abbaba80d71adae3f2902fb495212eb19a062d07e777f852b49f5e1a46",
                "sha256:bdbd6456cc3264e109acfc7b907b27266fc886d48e01b5ca94417770485522b5",
                "sha256:c0dcc439140e384df6de4f5dbffdc30036e3e2ad6db07ea1802dde0549a7bb2d",
                "sha256:c9bd596fbb44114793acc376698cefc5acc935d57a6ef4ab2580e3ae2b8ad0da",
                "sha256:ca2908a9e4246464aa047705ecd75db7203a04f9b363ff247b5eb8d4d0dfdccd",
                "sha256:d309396cc373c5001d49c2cc4a33ea8717aecff093044ce2924ccec6f2e9a2ab",
                "sha256:de169e4faf5696636ffcc08cfa7163f045b7bccedbd66857f078dc42447ddbee",
                "sha256:dfba8b1c6811e8e86abe7f034c21bbe233743b55bfc3b8ec83c880af5c9c2380",
                "sha256:dfc8c3f69c8c3ba8e100cd8f6059674279546e4e694528964393dabdb73e01f0",
                "sha256:e114dd212d5b4156ec7801b6518fd5df88afe6659626ade04ad823875ac5abfb",
                "sha256:eb5d59e5b4682a32bc6b26a6ac6da41b27a4fc47a9ffdf4b1cedd34e003bdfaa",
                "sha256:f014a2f345559e73a8bcfe0923b8d62681ab983340f5cf1630f279863d11a6c5",
                "sha256:f01fdc4a99c24fed42ac6817e7291e27670cdd12f7cb4b100ac8c069ba7a7d42",
                "sha256:f0650bac8910fea17aef7c6e22c1eaeeb1e0ef3756005e35e2485a100a2d08b3",
                "sha256:f12a3bb094490ed3e9df97266eaa740913ff94d20db7f21599134e2f1162820f",
                "sha256:f42ea708fd9468749fdddf297109f8f614eeedbfbf3f518686dabe173df7657a",
                "sha256:f4458a3a87b4a23d9d8612ef1387d69201aebb818746c04ec82c84737932f9fe",
                "sha256:f6802cd260349afa7d6a7010d0838503d5a10b0b10ae7d3634b7705e07df4f0c",
                "sha256:f8869b643167b4ebe1dbfc9830a6b896d57a6cad0c34f6715e29c7bc59deeaf6",
                "sha256:fffb6420c125ed7acb2e7feaa768b0ee39aaa2bb259bc9dd4e0d582dbe961b16"
            ],
            "markers": "python_version >= '3.6'",
            "version": "==0.18.2"
        },
        "pyqt5": {
            "hashes": [
                "sha256:33ced1c876f6a26e7899615a5a4efef2167c263488837c7beed023a64cebd051",
                "sha256:80343bcab95ffba619f2ed2467fd828ffeb0a251ad7225be5fc06dcc333af452",
                "sha256:9d2dcdaf82263ae56023410a7af15d1fd746c8e361733a7d0d1bd1f004ec2793",
                "sha256:9d6efad0377aa78bf081a20ac752ce86096ded18f04c592d98f5b92dc879ad0a",
                "sha256:f411ecda52e488e1d3c5cce7563e1b2ca9cf0b7531e3c25b03d9a7e56e07e7fc"
            ],
            "index": "pypi",
            "version": "==5.15.6"
        },
        "pyqt5-qt5": {
            "hashes": [
                "sha256:1988f364ec8caf87a6ee5d5a3a5210d57539988bf8e84714c7d60972692e2f4a",
                "sha256:750b78e4dba6bdf1607febedc08738e318ea09e9b10aea9ff0d73073f11f6962",
                "sha256:76980cd3d7ae87e3c7a33bfebfaee84448fd650bad6840471d6cae199b56e154",
                "sha256:9cc7a768b1921f4b982ebc00a318ccb38578e44e45316c7a4a850e953e1dd327"
            ],
            "version": "==5.15.2"
        },
        "pyqt5-sip": {
            "hashes": [
                "sha256:2d21420b0739df2607864e2c80ca01994bc40cb116da6ad024ea8d9f407b0356",
                "sha256:2f24f299b44c511c23796aafbbb581bfdebf78d0905657b7cee2141b4982030e",
                "sha256:53e23dcc0fc3857204abd47660e383b930941bd1aeaf3c78ed59c5c12dd48010",
                "sha256:5740a1770d6b92a5dca8bb0bda4620baf0d7a726beb864f69c667ddac91d6f64",
                "sha256:5d59c4a5e856a35c41b47f5a23e1635b38cd1672f4f0122a68ebcb6889523ff2",
                "sha256:5e641182bfee0501267c55e687832e4efe05becdae9e555d3695d706009b6598",
                "sha256:6b2e553e21b7ff124007a6b9168f8bb8c171fdf230d31ca0588df180f10bacbe",
                "sha256:78ef8f1f41819661aa8e3117d6c1cd76fa14aef265e5bfd515dbfc64d412416b",
                "sha256:7ee08ad0ebf85b935f5d8d38306f8665fff9a6026c14fc0a7d780649e889c096",
                "sha256:82c1b3080db7634fa318fddbb3cfaa30e63a67bca1001a76958c31f30b774a9d",
                "sha256:8fe5b3e4bbb8b472d05631cad21028d073f9f8eda770041449514cb3824a867f",
                "sha256:9699286fcdf4f75a4b91c7e4832c0f926af18d648c62a4ed72dd294c1a93705a",
                "sha256:989d51c41456cc496cb96f0b341464932b957040d26561f0bb4cf5a0914d6b36",
                "sha256:b56aedf7b0a496e4a8bd6087566888cea448aa01c76126cdb8b140e3ff3f5d93",
                "sha256:c9a977d2835a5fbf250b00d61267dc228bdec9e20c7420d4e8d54d6f20410f87",
                "sha256:ce7a8b3af9db378c46b345d9809d481a74c4bfcd3129486c054fbdbc6a3503f9",
                "sha256:cec6ebf0b1163b18f09bc523160c467a9528b6dca129753827ac0bc432b332ae",
                "sha256:cfaad4a773c18b963092589b1a98153d36624601de8597a4dc287e5a295d5625",
                "sha256:e2792af660da7479799f53028da88190ae8b4a0ad5acc2acbfd6c7bbfe110d58",
                "sha256:ee188eac5fd94dfe8d9e04a9e7fbda65c3535d5709278d8b7367ebd54f00e27f",
                "sha256:ffd25051962c593d1c3c30188b9fbd8589ba17acd23a0202dc987bd3552fa611"
            ],
            "markers": "python_version >= '3.5'",
            "version": "==12.9.1"
        },
        "pyzstd": {
            "hashes": [
                "sha256:01289f474fa700fc580609482bf24baceb9475ad4a24c5afde88300ab3bb5d8c",
                "sha256:03ec78fe660d2f8aa347eb845179e96d845ac54665d22cca46f550e50ee00e27",
                "sha256:0503fc2bbb79d5ff67356c9416b2c52459e56d4990424bd91d6cd7355c8ec047",
                "sha256:0e104c45c8e5b967b26dae4c3445428e3b76530b99e118451bbd1bf67c941899",
                "sha256:10839957ece4db53cd6f02930dafd1dd751a630a64d9fc0bc48f3143c554126d",
                "sha256:16df77f4a5ce44c5043322ba28b6aecfb1d83683a54005fa7bcc1d90cbabfc1b",
                "sha256:1b5ef8fa4667ef79f4331b724b529fef890a93385bf8adac71fd36cd161a9f1e",
                "sha256:1d4724f4de815dddc5587cc80f3e050267ffa79aa27f2409664f7c9873177b1e",
                "sha256:1eb6094f7475d98ecfccc1f750310c6d21bac0f9f55451952cdaddff86d7de76",
                "sha256:23cb528dc774ef78fb6eb6ec79878c45cc64cf43381e757a5423dbc54eb08759",
                "sha256:24d5f3d09fee7974623386028e0cd1a48b7eb22eb2ae585187134b372d642667",
                "sha256:253772bf87add090f5e90da794c77f7db900e85f5fea67db500a57b608a33d8e",
                "sha256:2c6d8b00c7403e85cd72f95210ee31f3b9877bfbfbf5cb21abec3a952d480280",
                "sha256:2cc2a96361af3f584db4c1a330076b3a7e7ada6c9b49f5695917db3a0ef27043",
                "sha256:2d558ebd4778d47c759ab9e24f4a03d06b334f056c9ec2108a69bb708af976e1",
                "sha256:2e1fed39c43be2819a1cc43a5c8f98e162dcdedc8d711f5adac6a0b105f879e0",
                "sha256:2e477537ba87f75c9f46d679f5d0ad8730169dc4380e923b94bcda61bdecfa3b",
                "sha256:388f4b6db1733a9904820152c5e8f1b020fbbb5748979aec698a66921d6d1ed4",
                "sha256:3bc2bd8046a07c67e0fd836bde73c94dba05e7d094c7f46cc206d877bbb0f6f5",
                "sha256:3c393e9be1e720e56db3c6a688fffddb9cc0357b7137dc28a74db227216a70c4",
                "sha256:3eb0b9aa25c5009ab054ba0870d9d0297517964b3b490860348e0b96640819ad",
                "sha256:3f470997dfb2198493b7a94e9d2dd4d924c1bd194418ccd28a2c3a8e78817829",
                "sha256:40a6cebcd51d9c3960096f1d3be006f1d770bcb85ce9e25ebeab276a628270e4",
                "sha256:424375a8f72099993e1debb0e866366f4d1f07eae03ff04a1349879cfdb62460",
                "sha256:42a049d7481c92d721593bd07018860a8646e46dbf004ec7684348d8752cffbe",
                "sha256:441b56f14cd58f7891caf88ec2098e94f52e91d6c90f8024d596fad68e7dc847",
                "sha256:447974ca17627dd753ebad0ab5088d0b21941465c1e88caffdfbf868632faf3b",
                "sha256:4ad3ece5d8eb8b41f8d474d112bdd1fd7dc43b3a7c4d879dd0a6e8ff1aff199b",
                "sha256:540efbf2813d89b0f1fee3ba0638892940cc9a65090a807fc06c89e184eb044f",
                "sha256:5781ee32cd1d7dcbe9cef4a4adec7a333eb1f5988f3c28652dea7682416915f3",
                "sha256:5a573c68bce1d7fb831c3d879b990b54730b4b3c20a0ebd44a8f44c2a58a66dd",
                "sha256:5d5b670541099d532e2ba686cee644433bde7feb91cf8e096cd494031d048111",
                "sha256:5f3d2aa7171036281bf0fa08d0d8b269ccbaef093b858b6a445246cae4e06348",
                "sha256:5fd0e95f5644d789decdfa64c1c8f280c80ad8b5bcbe047a52835835e37f63ab",
                "sha256:623a84b4aa775503b93789742c37552eb88fd585c21041231149f258883fbc30",
                "sha256:6256e4968ea90d45a829a0336bb64042b59110e972f0988db51826e9e0b682a9",
                "sha256:681f196073a8d61cda180d21a49be1c60c0d6c44345741a3ae0c8fdc0f182969",
                "sha256:68658ee97a9d12532de70654c2f7dba9356b3da7118793bbcdf6c72aab808d14",
                "sha256:697f4f9cd61f1a553417c53d88d1a36fcd83ac07c971f9b388804ab0cd47eaf8",
                "sha256:6ace57db82e0977a40ce8f503e642b6da3cafa041e24bcd4445b2ca4731be6cc",
                "sha256:7021e0a1d50a5def595536851f34fa1e07fa6be822e4148680032e1ec346e76f",
                "sha256:7149936105ae61878276670ea47d9a36dcf861bc98f5ec63f8d3cf9fb6d2f7b8",
                "sha256:71cbd63eae0f8fac301f44ca95d564b93312c8abdc8521895480fc7a888c167b",
                "sha256:737c6744091340ce1b309769e7c75207141639ddafd3c6a49d37724c152541a1",
                "sha256:73ab56bf1c63238519e21abc24705b6c989dcc6ca0aa6df593a136c7b52158ba",
                "sha256:73c654d4bc5e0c0940680f0e806f179b78d9307685d55fa0cc3f5de2ff0e3692",
                "sha256:78555550998efabccde6c38f5bd8c81f502e11d68e4b54de75f5c766087fa6ba",
                "sha256:7ac66b03f0a8f16120baecf6581238ff89acfbece971cf922817e7ca56b9cdd0",
                "sha256:813d2097636c20ccd07a55a444f81ea12ea22f519087ae0256c7390459ac6307",
                "sha256:8407cb3ae14d69d04b9db2cd488de018ec2b216d348e8d682807ae0c727ce533",
                "sha256:84e6a3019ac714535f1a1827ac62df0c4b48ed176d694c6b38b7421050f00253",
                "sha256:858850133fecfc3446db4cba3ebc2521687696d0e685605f20be27295fe872cf",
                "sha256:85aa9f25a04c6d73be55825e563fb11c4be83df58522b0a7d43ad39271c0457e",
                "sha256:85dc94768091ba1ecbb1b93d42ac4077f5f5903b0429b32cfc1aaef8e3dff5a9",
                "sha256:87daba80ff4d2d0ee6aeff8041185ec6062017e6a8f9af7bd103830b1acd8680",
                "sha256:976df720f642e1383b0428740dd4e1b00adee2aa393f84427f2b3f666cde0198",
                "sha256:9dd481884d4a5bd480d97628ca1f29be373a3e6fd0031c7e4eec27b472d347ca",
                "sha256:a5fff428ed8d055fbf22dbd06b2804b3f4d9d857c4be30c5e0ae9efd4b0573b2",
                "sha256:a812a9292934a1b3dac8ca3345f632137be4f87cf7fdaa9f717762bc1c664211",
                "sha256:a82ce96a356347b28870f59832d0044466ce619cd494dc82e7c28c2464333e7c",
                "sha256:aafae0bfa65329c271f7748fc1d28ae1f0f6428f6449593e91b563d927a28edf",
                "sha256:aeac4d2c578578e0468725af8f9601ec089180c7a08ba82138b01a8ac6f93713",
                "sha256:b186e1d89fe2fb3f6aaedfa5a9f5a690571b1a74a3ac351c9bab2fd3c7ea0836",
                "sha256:b48232d0cbe334d544b2de35815e4e110ee9bc71105ea725c2a8ee4c5e13e5b6",
                "sha256:b8994c3856034886bd45572a7ca51337c56531af24e2f0c4a5fa817d9562d8c5",
                "sha256:c044c069db4e1e8ce19f6070bea0eb479b229f9a3f8ad4bbe284c7e2d0062074",
                "sha256:cfa84aa15c7aa26ea7d9e6eb4ad861846c6cd3c70e934f282df5d5474b4c24fa",
                "sha256:cfda67c88cb0a3c9ec8e23423d5fe0a8a9030972160df25fb50a0c5b5299f01d",
                "sha256:d0b912c1d1c98cb5b1b97d8fd0cfe40f6dd78b078a6d13a9430f9b23a64d9036",
                "sha256:d133fe2b2c9b6fe81e19fe2808d434ea64ab6ebb2de7d2b1387863ca23edefc3",
                "sha256:d37aabff8fb7fdc80feab0100204dc03efa37f92e13599d950bc000f5800b665",
                "sha256:d4788bb8da6d2db3cc80045008c53a79f2fae301bfede2aaf2d0328b2826075c",
                "sha256:d606f936fc5d8d4aabcb1a63783a557ec2c11c9a76a5a0d1eb7ad544704b12bc",
                "sha256:dd9305759d7d108a236911ef5135632834e44319ccf3363c83eb1427e0e265a5",
                "sha256:e02c5ec165cd218cc774a757eed14e5794f438d327a37e6804133c6aaf866ffb",
                "sha256:e4dedc15311232fe6d936d527c28fd1cbe87e8c718cf21bff805fc6e435149a6",
                "sha256:e77c659f581b3823cefd88a66e18744537aca5debb6ae3890dec84bcbf4d5597",
                "sha256:e9bb7df3e8510bb0b4c6bf21ce73ac36f2ec1904b7b8d94ac5089f5de44de04c",
                "sha256:eabe8218117720510e396cd17895fe9c2e3911d1d874c732ddc7ff79bbb738d9",
                "sha256:ec57406aa493df2864b4fa87fbdef2fac4393f80aa4bd86a85fc2ca134e4448b",
                "sha256:eda9d2874a8f3823eea882125f304620f592693b3af0101c484bfc75726c8c59",
                "sha256:edc66b8ae54e50637b4b93779575e5368e144f791eee2bd1ddb4aa9d27fa3bd1",
                "sha256:f37d28475079a1a8de3729dd091db73c8f15d8066ba3e42866e1d302a92d10ab",
                "sha256:f45220443598b6567cb0072354f886f9fdc861f309a8a87d89ab86e59bbff833",
                "sha256:f4e71960b367ac3c5e25c1b244aa2b04333c2f0d4359081955a786f318b1d464",
                "sha256:f6eeb2fb7d947ec784a88f3a1e560482399d66e4998192601551cd5cdcaa400d"
            ],
            "markers": "python_version >= '3.5'",
            "version": "==0.15.2"
        },
        "texttable": {
            "hashes": [
                "sha256:42ee7b9e15f7b225747c3fa08f43c5d6c83bc899f80ff9bae9319334824076e9",
                "sha256:dd2b0eaebb2a9e167d1cefedab4700e5dcbdb076114eed30b58b97ed6b37d6f2"
            ],
            "version": "==1.6.4"
        },
        "zipfile-deflate64": {
            "hashes": [
                "sha256:2096cc9c2a896436ffb27e2cfff60402ca4304b1fbe782265a8c1b2d11dc598a",
                "sha256:3f7b5f3305880a784e335c9fa1bc33a6a3a8436cdbf3e473690f4da0eb866645",
                "sha256:5b9e0a0d5d742aa4006ab18d31eabc9a83809be3d27dad34707fa136cafa0950",
                "sha256:5ed1c3edc08e8da8fe646b23105e2840f305ce2a75360aa0df7523c1263f43aa",
                "sha256:6c79e8d3356eb72b9be25bcc36ce3320cbe1f50606f355193d6ad8ead8130fd5",
                "sha256:84432465d0c497c774122073b79ec7fa9ebf28cf066cce5f1a5726dad455086f",
                "sha256:875a3299de102edf1c17f8cafcc528b1ca80b62dc4814b9cb56867ec59fbfd18",
                "sha256:a16cd144c12de642f0ace1aeab7f50e7abc7492c81381faa2b17cc36f38272c4",
                "sha256:a8557a77c2b6ee8afb49759d9b4c1a9785ca05366cbc4b2c577a859ecba62b85",
                "sha256:b1b4ab8d83bb277983ff273cbf4fcf831023abbc2303f90af9dd4bde3ab4b9c2",
                "sha256:cc673ff44f1e7fa673b34507d04e6e0b750be372e4f33e40a9364858ef22411f",
                "sha256:d6bb582256f374f5a8570616480f07df0d74460b8c80aaa5fb047a73ff38bcd2",
                "sha256:dadfdd07f15c0abf394e0599b06a894120ca6f40ded9720c68b267a4ecf8bf48",
                "sha256:f30f7981689dcf06e2789a2adbf3ff0711e58a710780205c2747ec793373fa2e",
                "sha256:f5313c31e92a8be7e0fed7648b553f041287715d7a28fbfbbadec1dd8e7b773b",
                "sha256:f868343cd24bd3c66fbcba9316c6a970f934653bf3d0be89f25fa0335a7ea3ff"
            ],
            "markers": "python_version >= '3.6'",
            "version": "==0.2.0"
        }
    },
    "develop": {
        "altgraph": {
            "hashes": [
                "sha256:743628f2ac6a7c26f5d9223c91ed8ecbba535f506f4b6f558885a8a56a105857",
                "sha256:ebf2269361b47d97b3b88e696439f6e4cbc607c17c51feb1754f90fb79839158"
            ],
            "version": "==0.17.2"
        },
        "atomicwrites": {
            "hashes": [
                "sha256:6d1784dea7c0c8d4a5172b6c620f40b6e4cbfdf96d783691f2e1302a7b88e197",
                "sha256:ae70396ad1a434f9c7046fd2dd196fc04b12f9e91ffb859164193be8b6168a7a"
            ],
            "markers": "sys_platform == 'win32'",
            "version": "==1.4.0"
        },
        "attrs": {
            "hashes": [
                "sha256:2d27e3784d7a565d36ab851fe94887c5eccd6a463168875832a1be79c82828b4",
                "sha256:626ba8234211db98e869df76230a137c4c40a12d72445c45d5f5b716f076e2fd"
            ],
            "markers": "python_version >= '2.7' and python_version not in '3.0, 3.1, 3.2, 3.3, 3.4'",
            "version": "==21.4.0"
        },
        "bleach": {
            "hashes": [
                "sha256:08a1fe86d253b5c88c92cc3d810fd8048a16d15762e1e5b74d502256e5926aa1",
                "sha256:c6d6cc054bdc9c83b48b8083e236e5f00f238428666d2ce2e083eaa5fd568565"
            ],
            "markers": "python_version >= '3.7'",
            "version": "==5.0.0"
        },
        "certifi": {
            "hashes": [
                "sha256:78884e7c1d4b00ce3cea67b44566851c4343c120abd683433ce934a68ea58872",
                "sha256:d62a0163eb4c2344ac042ab2bdf75399a71a2d8c7d47eac2e2ee91b9d6339569"
            ],
            "version": "==2021.10.8"
        },
        "charset-normalizer": {
            "hashes": [
                "sha256:2857e29ff0d34db842cd7ca3230549d1a697f96ee6d3fb071cfa6c7393832597",
                "sha256:6881edbebdb17b39b4eaaa821b438bf6eddffb4468cf344f09f89def34a8b1df"
            ],
            "markers": "python_version >= '3'",
            "version": "==2.0.12"
        },
        "colorama": {
            "hashes": [
                "sha256:5941b2b48a20143d2267e95b1c2a7603ce057ee39fd88e7329b0c292aa16869b",
                "sha256:9f47eda37229f68eee03b24b9748937c7dc3868f906e8ba69fbcbdd3bc5dc3e2"
            ],
            "index": "pypi",
            "version": "==0.4.4"
        },
        "commonmark": {
            "hashes": [
                "sha256:452f9dc859be7f06631ddcb328b6919c67984aca654e5fefb3914d54691aed60",
                "sha256:da2f38c92590f83de410ba1a3cbceafbc74fee9def35f9251ba9a971d6d66fd9"
            ],
            "version": "==0.9.1"
        },
        "docutils": {
            "hashes": [
                "sha256:23010f129180089fbcd3bc08cfefccb3b890b0050e1ca00c867036e9d161b98c",
                "sha256:679987caf361a7539d76e584cbeddc311e3aee937877c87346f31debc63e9d06"
            ],
            "markers": "python_version >= '2.7' and python_version not in '3.0, 3.1, 3.2, 3.3, 3.4'",
            "version": "==0.18.1"
        },
        "future": {
            "hashes": [
                "sha256:b1bead90b70cf6ec3f0710ae53a525360fa360d306a86583adc6bf83a4db537d"
            ],
            "markers": "python_version >= '2.6' and python_version not in '3.0, 3.1, 3.2, 3.3'",
            "version": "==0.18.2"
        },
        "idna": {
            "hashes": [
                "sha256:84d9dd047ffa80596e0f246e2eab0b391788b0503584e8945f2368256d2735ff",
                "sha256:9d643ff0a55b762d5cdb124b8eaa99c66322e2157b69160bc32796e824360e6d"
            ],
            "markers": "python_version >= '3'",
            "version": "==3.3"
        },
        "importlib-metadata": {
            "hashes": [
                "sha256:1208431ca90a8cca1a6b8af391bb53c1a2db74e5d1cef6ddced95d4b2062edc6",
                "sha256:ea4c597ebf37142f827b8f39299579e31685c31d3a438b59f469406afd0f2539"
            ],
            "markers": "python_version >= '3.7'",
            "version": "==4.11.3"
        },
        "iniconfig": {
            "hashes": [
                "sha256:011e24c64b7f47f6ebd835bb12a743f2fbe9a26d4cecaa7f53bc4f35ee9da8b3",
                "sha256:bc3af051d7d14b2ee5ef9969666def0cd1a000e121eaea580d4a313df4b37f32"
            ],
            "version": "==1.1.1"
        },
        "keyring": {
            "hashes": [
                "sha256:9012508e141a80bd1c0b6778d5c610dd9f8c464d75ac6774248500503f972fb9",
                "sha256:b0d28928ac3ec8e42ef4cc227822647a19f1d544f21f96457965dc01cf555261"
            ],
            "markers": "python_version >= '3.7'",
            "version": "==23.5.0"
        },
        "packaging": {
            "hashes": [
                "sha256:dd47c42927d89ab911e606518907cc2d3a1f38bbd026385970643f9c5b8ecfeb",
                "sha256:ef103e05f519cdc783ae24ea4e2e0f508a9c99b2d4969652eed6a2e1ea5bd522"
            ],
            "markers": "python_version >= '3.6'",
            "version": "==21.3"
        },
        "pefile": {
            "hashes": [
                "sha256:344a49e40a94e10849f0fe34dddc80f773a12b40675bf2f7be4b8be578bdd94a"
            ],
            "markers": "sys_platform == 'win32'",
            "version": "==2021.9.3"
        },
        "pkginfo": {
            "hashes": [
                "sha256:542e0d0b6750e2e21c20179803e40ab50598d8066d51097a0e382cba9eb02bff",
                "sha256:c24c487c6a7f72c66e816ab1796b96ac6c3d14d49338293d2141664330b55ffc"
            ],
            "version": "==1.8.2"
        },
        "pluggy": {
            "hashes": [
                "sha256:4224373bacce55f955a878bf9cfa763c1e360858e330072059e10bad68531159",
                "sha256:74134bbf457f031a36d68416e1509f34bd5ccc019f0bcc952c7b909d06b37bd3"
            ],
            "markers": "python_version >= '3.6'",
            "version": "==1.0.0"
        },
        "py": {
            "hashes": [
                "sha256:51c75c4126074b472f746a24399ad32f6053d1b34b68d2fa41e558e6f4a98719",
                "sha256:607c53218732647dff4acdfcd50cb62615cedf612e72d1724fb1a0cc6405b378"
            ],
            "markers": "python_version >= '2.7' and python_version not in '3.0, 3.1, 3.2, 3.3, 3.4'",
            "version": "==1.11.0"
        },
        "pygments": {
            "hashes": [
                "sha256:44238f1b60a76d78fc8ca0528ee429702aae011c265fe6a8dd8b63049ae41c65",
                "sha256:4e426f72023d88d03b2fa258de560726ce890ff3b630f88c21cbb8b2503b8c6a"
            ],
            "markers": "python_version >= '3.5'",
            "version": "==2.11.2"
        },
        "pyinstaller": {
            "hashes": [
                "sha256:05c21117b84199272ebd355b556af4714f6e79245e1c435d6f16653786d7d17e",
                "sha256:0dcaf6557cdb2da763c46e06e95a94a7634ab03fb09d91bc77988b01ee05c907",
                "sha256:15557cd1a79d182967f0a5040750e6902e13ebd6cab41e3ed84d7b28a306357b",
                "sha256:581620bdcd32f01e89b13231256b807bb090e7eadf40c81c864ec402afa4758a",
                "sha256:70c71e827f4b34602cbc7a0947a067b662c1cbdc4db51832e13b97cca3c54dd7",
                "sha256:714c4dcc319a41416744d1e30c6317405dfaed80d2adc45f8bfa70dc7367e664",
                "sha256:7749c868d2e2dc84df7d6f65437226183c8a366f3a99bb2737785625c3a3cca1",
                "sha256:7d94518ba1f8e9a8577345312276891ad7d6cd9785e453e9951b35647e2c7078",
                "sha256:cfed0b3a43e73550a43a094610328109564710b9514afa093ef7199d072cae87",
                "sha256:d4f79c0a774451f12baca4e476376418f011fa3039dde8fd172ea2aa8ff67bad",
                "sha256:f2166ff2cd95eefb0d377ae8d1071f186fa25edd410ede65b376162d5ec41909"
            ],
            "index": "pypi",
            "version": "==4.10"
        },
        "pyinstaller-hooks-contrib": {
            "hashes": [
                "sha256:9765e68552803327d58f6c5eca970bb245b7cdf073e2f912a2a3cb50360bc2d8",
                "sha256:9fa4ca03d058cba676c3cc16005076ce6a529f144c08b87c69998625fbd84e0a"
            ],
            "markers": "python_version >= '3.7'",
            "version": "==2022.3"
        },
        "pyparsing": {
            "hashes": [
                "sha256:18ee9022775d270c55187733956460083db60b37d0d0fb357445f3094eed3eea",
                "sha256:a6c06a88f252e6c322f65faf8f418b16213b51bdfaece0524c1c1bc30c63c484"
            ],
            "markers": "python_version >= '3.6'",
            "version": "==3.0.7"
        },
        "pytest": {
            "hashes": [
                "sha256:841132caef6b1ad17a9afde46dc4f6cfa59a05f9555aae5151f73bdf2820ca63",
                "sha256:92f723789a8fdd7180b6b06483874feca4c48a5c76968e03bb3e7f806a1869ea"
            ],
            "index": "pypi",
            "version": "==7.1.1"
        },
        "pywin32-ctypes": {
            "hashes": [
                "sha256:24ffc3b341d457d48e8922352130cf2644024a4ff09762a2261fd34c36ee5942",
                "sha256:9dc2d991b3479cc2df15930958b674a48a227d5361d413827a4cfd0b5876fc98"
            ],
            "markers": "sys_platform == 'win32'",
            "version": "==0.2.0"
        },
        "readme-renderer": {
            "hashes": [
                "sha256:262510fe6aae81ed4e94d8b169077f325614c0b1a45916a80442c6576264a9c2",
                "sha256:dfb4d17f21706d145f7473e0b61ca245ba58e810cf9b2209a48239677f82e5b0"
            ],
            "markers": "python_version >= '3.6'",
            "version": "==34.0"
        },
        "requests": {
            "hashes": [
                "sha256:68d7c56fd5a8999887728ef304a6d12edc7be74f1cfa47714fc8b414525c9a61",
                "sha256:f22fa1e554c9ddfd16e6e41ac79759e17be9e492b3587efa038054674760e72d"
            ],
            "markers": "python_version >= '2.7' and python_version not in '3.0, 3.1, 3.2, 3.3, 3.4, 3.5'",
            "version": "==2.27.1"
        },
        "requests-toolbelt": {
            "hashes": [
                "sha256:380606e1d10dc85c3bd47bf5a6095f815ec007be7a8b69c878507068df059e6f",
                "sha256:968089d4584ad4ad7c171454f0a5c6dac23971e9472521ea3b6d49d610aa6fc0"
            ],
            "version": "==0.9.1"
        },
        "rfc3986": {
            "hashes": [
                "sha256:50b1502b60e289cb37883f3dfd34532b8873c7de9f49bb546641ce9cbd256ebd",
                "sha256:97aacf9dbd4bfd829baad6e6309fa6573aaf1be3f6fa735c8ab05e46cecb261c"
            ],
            "markers": "python_version >= '3.7'",
            "version": "==2.0.0"
        },
        "rich": {
            "hashes": [
                "sha256:c50f3d253bc6a9bb9c79d61a26d510d74abdf1b16881260fab5edfc3edfb082f",
                "sha256:ea74bc9dad9589d8eea3e3fd0b136d8bf6e428888955f215824c2894f0da8b47"
            ],
            "markers": "python_version < '4' and python_full_version >= '3.6.3'",
            "version": "==12.2.0"
        },
        "setuptools": {
            "hashes": [
                "sha256:7999cbd87f1b6e1f33bf47efa368b224bed5e27b5ef2c4d46580186cbcb1a86a",
                "sha256:a65e3802053e99fc64c6b3b29c11132943d5b8c8facbcc461157511546510967"
            ],
            "markers": "python_version >= '3.7'",
            "version": "==62.0.0"
        },
        "six": {
            "hashes": [
                "sha256:1e61c37477a1626458e36f7b1d82aa5c9b094fa4802892072e49de9c60c4c926",
                "sha256:8abb2f1d86890a2dfb989f9a77cfcfd3e47c2a354b01111771326f8aa26e0254"
            ],
            "markers": "python_version >= '2.7' and python_version not in '3.0, 3.1, 3.2, 3.3'",
            "version": "==1.16.0"
        },
        "tomli": {
            "hashes": [
                "sha256:939de3e7a6161af0c887ef91b7d41a53e7c5a1ca976325f429cb46ea9bc30ecc",
                "sha256:de526c12914f0c550d15924c62d72abc48d6fe7364aa87328337a31007fe8a4f"
            ],
            "markers": "python_version >= '3.7'",
            "version": "==2.0.1"
        },
        "twine": {
            "hashes": [
                "sha256:6f7496cf14a3a8903474552d5271c79c71916519edb42554f23f42a8563498a9",
                "sha256:817aa0c0bdc02a5ebe32051e168e23c71a0608334e624c793011f120dbbc05b7"
            ],
            "index": "pypi",
            "version": "==4.0.0"
        },
        "urllib3": {
            "hashes": [
                "sha256:44ece4d53fb1706f667c9bd1c648f5469a2ec925fcf3a776667042d645472c14",
                "sha256:aabaf16477806a5e1dd19aa41f8c2b7950dd3c746362d7e3223dbe6de6ac448e"
            ],
            "markers": "python_version >= '2.7' and python_version not in '3.0, 3.1, 3.2, 3.3, 3.4' and python_version < '4'",
            "version": "==1.26.9"
        },
        "webencodings": {
            "hashes": [
                "sha256:a0af1213f3c2226497a97e2b3aa01a7e4bee4f403f95be16fc9acd2947514a78",
                "sha256:b36a1c245f2d304965eb4e0a82848379241dc04b865afcc4aab16748587e1923"
            ],
            "version": "==0.5.1"
        },
        "zipp": {
            "hashes": [
                "sha256:56bf8aadb83c24db6c4b577e13de374ccfb67da2078beba1d037c17980bf43ad",
                "sha256:c4f6e5bbf48e74f7a38e7cc5b0480ff42b0ae5178957d564d18932525d5cf099"
            ],
            "markers": "python_version >= '3.7'",
            "version": "==3.8.0"
        }
    }
}
